// !$*UTF8*$!
{
	archiveVersion = 1;
	classes = {
	};
	objectVersion = 50;
	objects = {

/* Begin PBXBuildFile section */
		2E88437524A4106500F2A843 /* AppDelegate.swift in Sources */ = {isa = PBXBuildFile; fileRef = 2E88437424A4106500F2A843 /* AppDelegate.swift */; };
		2E88437724A4106500F2A843 /* SceneDelegate.swift in Sources */ = {isa = PBXBuildFile; fileRef = 2E88437624A4106500F2A843 /* SceneDelegate.swift */; };
		2E88437924A4106500F2A843 /* ViewController.swift in Sources */ = {isa = PBXBuildFile; fileRef = 2E88437824A4106500F2A843 /* ViewController.swift */; };
		2E88437C24A4106500F2A843 /* Main.storyboard in Resources */ = {isa = PBXBuildFile; fileRef = 2E88437A24A4106500F2A843 /* Main.storyboard */; };
		2E88437F24A4106500F2A843 /* todo_Jyothi_C0775696.xcdatamodeld in Sources */ = {isa = PBXBuildFile; fileRef = 2E88437D24A4106500F2A843 /* todo_Jyothi_C0775696.xcdatamodeld */; };
		2E88438124A4106600F2A843 /* Assets.xcassets in Resources */ = {isa = PBXBuildFile; fileRef = 2E88438024A4106600F2A843 /* Assets.xcassets */; };
		2E88438424A4106600F2A843 /* LaunchScreen.storyboard in Resources */ = {isa = PBXBuildFile; fileRef = 2E88438224A4106600F2A843 /* LaunchScreen.storyboard */; };
		2E8EF5C824A44EC100F290BB /* model.swift in Sources */ = {isa = PBXBuildFile; fileRef = 2E8EF5C724A44EC100F290BB /* model.swift */; };
		2E8EF5CA24A4689D00F290BB /* pCellTableViewCell.swift in Sources */ = {isa = PBXBuildFile; fileRef = 2E8EF5C924A4689D00F290BB /* pCellTableViewCell.swift */; };
		2E8EF5CC24A4692B00F290BB /* SaveViewController.swift in Sources */ = {isa = PBXBuildFile; fileRef = 2E8EF5CB24A4692B00F290BB /* SaveViewController.swift */; };
		2E8EF5CE24A472E800F290BB /* Support.swift in Sources */ = {isa = PBXBuildFile; fileRef = 2E8EF5CD24A472E800F290BB /* Support.swift */; };
		2ED585C524A8111700450EAA /* TodoItem.swift in Sources */ = {isa = PBXBuildFile; fileRef = 2ED585C424A8111700450EAA /* TodoItem.swift */; };
		2ED585C724A8129800450EAA /* TaskListViewController.swift in Sources */ = {isa = PBXBuildFile; fileRef = 2ED585C624A8129800450EAA /* TaskListViewController.swift */; };
		2ED585C924A812E000450EAA /* TodoViewController.swift in Sources */ = {isa = PBXBuildFile; fileRef = 2ED585C824A812E000450EAA /* TodoViewController.swift */; };
		2ED585CB24A8130700450EAA /* MoveTodoViewController.swift in Sources */ = {isa = PBXBuildFile; fileRef = 2ED585CA24A8130700450EAA /* MoveTodoViewController.swift */; };
/* End PBXBuildFile section */

/* Begin PBXFileReference section */
		2E88437124A4106500F2A843 /* todo_Jyothi_C0775696.app */ = {isa = PBXFileReference; explicitFileType = wrapper.application; includeInIndex = 0; path = todo_Jyothi_C0775696.app; sourceTree = BUILT_PRODUCTS_DIR; };
		2E88437424A4106500F2A843 /* AppDelegate.swift */ = {isa = PBXFileReference; lastKnownFileType = sourcecode.swift; path = AppDelegate.swift; sourceTree = "<group>"; };
		2E88437624A4106500F2A843 /* SceneDelegate.swift */ = {isa = PBXFileReference; lastKnownFileType = sourcecode.swift; path = SceneDelegate.swift; sourceTree = "<group>"; };
		2E88437824A4106500F2A843 /* ViewController.swift */ = {isa = PBXFileReference; lastKnownFileType = sourcecode.swift; path = ViewController.swift; sourceTree = "<group>"; };
		2E88437B24A4106500F2A843 /* Base */ = {isa = PBXFileReference; lastKnownFileType = file.storyboard; name = Base; path = Base.lproj/Main.storyboard; sourceTree = "<group>"; };
		2E88437E24A4106500F2A843 /* todo_Jyothi_C0775696.xcdatamodel */ = {isa = PBXFileReference; lastKnownFileType = wrapper.xcdatamodel; path = todo_Jyothi_C0775696.xcdatamodel; sourceTree = "<group>"; };
		2E88438024A4106600F2A843 /* Assets.xcassets */ = {isa = PBXFileReference; lastKnownFileType = folder.assetcatalog; path = Assets.xcassets; sourceTree = "<group>"; };
		2E88438324A4106600F2A843 /* Base */ = {isa = PBXFileReference; lastKnownFileType = file.storyboard; name = Base; path = Base.lproj/LaunchScreen.storyboard; sourceTree = "<group>"; };
		2E88438524A4106600F2A843 /* Info.plist */ = {isa = PBXFileReference; lastKnownFileType = text.plist.xml; path = Info.plist; sourceTree = "<group>"; };
		2E8EF5C724A44EC100F290BB /* model.swift */ = {isa = PBXFileReference; lastKnownFileType = sourcecode.swift; path = model.swift; sourceTree = "<group>"; };
		2E8EF5C924A4689D00F290BB /* pCellTableViewCell.swift */ = {isa = PBXFileReference; lastKnownFileType = sourcecode.swift; path = pCellTableViewCell.swift; sourceTree = "<group>"; };
		2E8EF5CB24A4692B00F290BB /* SaveViewController.swift */ = {isa = PBXFileReference; lastKnownFileType = sourcecode.swift; path = SaveViewController.swift; sourceTree = "<group>"; };
		2E8EF5CD24A472E800F290BB /* Support.swift */ = {isa = PBXFileReference; lastKnownFileType = sourcecode.swift; path = Support.swift; sourceTree = "<group>"; };
		2ED585C424A8111700450EAA /* TodoItem.swift */ = {isa = PBXFileReference; lastKnownFileType = sourcecode.swift; path = TodoItem.swift; sourceTree = "<group>"; };
		2ED585C624A8129800450EAA /* TaskListViewController.swift */ = {isa = PBXFileReference; lastKnownFileType = sourcecode.swift; path = TaskListViewController.swift; sourceTree = "<group>"; };
		2ED585C824A812E000450EAA /* TodoViewController.swift */ = {isa = PBXFileReference; lastKnownFileType = sourcecode.swift; path = TodoViewController.swift; sourceTree = "<group>"; };
		2ED585CA24A8130700450EAA /* MoveTodoViewController.swift */ = {isa = PBXFileReference; lastKnownFileType = sourcecode.swift; path = MoveTodoViewController.swift; sourceTree = "<group>"; };
/* End PBXFileReference section */

/* Begin PBXFrameworksBuildPhase section */
		2E88436E24A4106500F2A843 /* Frameworks */ = {
			isa = PBXFrameworksBuildPhase;
			buildActionMask = 2147483647;
			files = (
			);
			runOnlyForDeploymentPostprocessing = 0;
		};
/* End PBXFrameworksBuildPhase section */

/* Begin PBXGroup section */
		2E88436824A4106500F2A843 = {
			isa = PBXGroup;
			children = (
				2E88437324A4106500F2A843 /* todo_Jyothi_C0775696 */,
				2E88437224A4106500F2A843 /* Products */,
			);
			sourceTree = "<group>";
		};
		2E88437224A4106500F2A843 /* Products */ = {
			isa = PBXGroup;
			children = (
				2E88437124A4106500F2A843 /* todo_Jyothi_C0775696.app */,
			);
			name = Products;
			sourceTree = "<group>";
		};
		2E88437324A4106500F2A843 /* todo_Jyothi_C0775696 */ = {
			isa = PBXGroup;
			children = (
				2E88437424A4106500F2A843 /* AppDelegate.swift */,
				2E88437624A4106500F2A843 /* SceneDelegate.swift */,
				2E88437824A4106500F2A843 /* ViewController.swift */,
				2E88437A24A4106500F2A843 /* Main.storyboard */,
				2E88438024A4106600F2A843 /* Assets.xcassets */,
				2E88438224A4106600F2A843 /* LaunchScreen.storyboard */,
				2E88438524A4106600F2A843 /* Info.plist */,
				2E88437D24A4106500F2A843 /* todo_Jyothi_C0775696.xcdatamodeld */,
				2E8EF5C724A44EC100F290BB /* model.swift */,
				2E8EF5C924A4689D00F290BB /* pCellTableViewCell.swift */,
				2E8EF5CB24A4692B00F290BB /* SaveViewController.swift */,
				2E8EF5CD24A472E800F290BB /* Support.swift */,
				2ED585C424A8111700450EAA /* TodoItem.swift */,
				2ED585C624A8129800450EAA /* TaskListViewController.swift */,
				2ED585C824A812E000450EAA /* TodoViewController.swift */,
				2ED585CA24A8130700450EAA /* MoveTodoViewController.swift */,
			);
			path = todo_Jyothi_C0775696;
			sourceTree = "<group>";
		};
/* End PBXGroup section */

/* Begin PBXNativeTarget section */
		2E88437024A4106500F2A843 /* todo_Jyothi_C0775696 */ = {
			isa = PBXNativeTarget;
			buildConfigurationList = 2E88438824A4106600F2A843 /* Build configuration list for PBXNativeTarget "todo_Jyothi_C0775696" */;
			buildPhases = (
				2E88436D24A4106500F2A843 /* Sources */,
				2E88436E24A4106500F2A843 /* Frameworks */,
				2E88436F24A4106500F2A843 /* Resources */,
			);
			buildRules = (
			);
			dependencies = (
			);
			name = todo_Jyothi_C0775696;
			productName = todo_Jyothi_C0775696;
			productReference = 2E88437124A4106500F2A843 /* todo_Jyothi_C0775696.app */;
			productType = "com.apple.product-type.application";
		};
/* End PBXNativeTarget section */

/* Begin PBXProject section */
		2E88436924A4106500F2A843 /* Project object */ = {
			isa = PBXProject;
			attributes = {
				LastSwiftUpdateCheck = 1150;
				LastUpgradeCheck = 1150;
				ORGANIZATIONNAME = user176475;
				TargetAttributes = {
					2E88437024A4106500F2A843 = {
						CreatedOnToolsVersion = 11.5;
					};
				};
			};
			buildConfigurationList = 2E88436C24A4106500F2A843 /* Build configuration list for PBXProject "todo_Jyothi_C0775696" */;
			compatibilityVersion = "Xcode 9.3";
			developmentRegion = en;
			hasScannedForEncodings = 0;
			knownRegions = (
				en,
				Base,
			);
			mainGroup = 2E88436824A4106500F2A843;
			productRefGroup = 2E88437224A4106500F2A843 /* Products */;
			projectDirPath = "";
			projectRoot = "";
			targets = (
				2E88437024A4106500F2A843 /* todo_Jyothi_C0775696 */,
			);
		};
/* End PBXProject section */

/* Begin PBXResourcesBuildPhase section */
		2E88436F24A4106500F2A843 /* Resources */ = {
			isa = PBXResourcesBuildPhase;
			buildActionMask = 2147483647;
			files = (
				2E88438424A4106600F2A843 /* LaunchScreen.storyboard in Resources */,
				2E88438124A4106600F2A843 /* Assets.xcassets in Resources */,
				2E88437C24A4106500F2A843 /* Main.storyboard in Resources */,
			);
			runOnlyForDeploymentPostprocessing = 0;
		};
/* End PBXResourcesBuildPhase section */

/* Begin PBXSourcesBuildPhase section */
		2E88436D24A4106500F2A843 /* Sources */ = {
			isa = PBXSourcesBuildPhase;
			buildActionMask = 2147483647;
			files = (
				2E8EF5C824A44EC100F290BB /* model.swift in Sources */,
				2ED585C524A8111700450EAA /* TodoItem.swift in Sources */,
				2E88437924A4106500F2A843 /* ViewController.swift in Sources */,
				2E8EF5CA24A4689D00F290BB /* pCellTableViewCell.swift in Sources */,
				2E88437F24A4106500F2A843 /* todo_Jyothi_C0775696.xcdatamodeld in Sources */,
				2E88437524A4106500F2A843 /* AppDelegate.swift in Sources */,
				2E8EF5CE24A472E800F290BB /* Support.swift in Sources */,
				2E88437724A4106500F2A843 /* SceneDelegate.swift in Sources */,
				2E8EF5CC24A4692B00F290BB /* SaveViewController.swift in Sources */,
				2ED585C924A812E000450EAA /* TodoViewController.swift in Sources */,
				2ED585C724A8129800450EAA /* TaskListViewController.swift in Sources */,
				2ED585CB24A8130700450EAA /* MoveTodoViewController.swift in Sources */,
			);
			runOnlyForDeploymentPostprocessing = 0;
		};
/* End PBXSourcesBuildPhase section */

/* Begin PBXVariantGroup section */
		2E88437A24A4106500F2A843 /* Main.storyboard */ = {
			isa = PBXVariantGroup;
			children = (
				2E88437B24A4106500F2A843 /* Base */,
			);
			name = Main.storyboard;
			sourceTree = "<group>";
		};
		2E88438224A4106600F2A843 /* LaunchScreen.storyboard */ = {
			isa = PBXVariantGroup;
			children = (
				2E88438324A4106600F2A843 /* Base */,
			);
			name = LaunchScreen.storyboard;
			sourceTree = "<group>";
		};
/* End PBXVariantGroup section */

/* Begin XCBuildConfiguration section */
		2E88438624A4106600F2A843 /* Debug */ = {
			isa = XCBuildConfiguration;
			buildSettings = {
				ALWAYS_SEARCH_USER_PATHS = NO;
				CLANG_ANALYZER_NONNULL = YES;
				CLANG_ANALYZER_NUMBER_OBJECT_CONVERSION = YES_AGGRESSIVE;
				CLANG_CXX_LANGUAGE_STANDARD = "gnu++14";
				CLANG_CXX_LIBRARY = "libc++";
				CLANG_ENABLE_MODULES = YES;
				CLANG_ENABLE_OBJC_ARC = YES;
				CLANG_ENABLE_OBJC_WEAK = YES;
				CLANG_WARN_BLOCK_CAPTURE_AUTORELEASING = YES;
				CLANG_WARN_BOOL_CONVERSION = YES;
				CLANG_WARN_COMMA = YES;
				CLANG_WARN_CONSTANT_CONVERSION = YES;
				CLANG_WARN_DEPRECATED_OBJC_IMPLEMENTATIONS = YES;
				CLANG_WARN_DIRECT_OBJC_ISA_USAGE = YES_ERROR;
				CLANG_WARN_DOCUMENTATION_COMMENTS = YES;
				CLANG_WARN_EMPTY_BODY = YES;
				CLANG_WARN_ENUM_CONVERSION = YES;
				CLANG_WARN_INFINITE_RECURSION = YES;
				CLANG_WARN_INT_CONVERSION = YES;
				CLANG_WARN_NON_LITERAL_NULL_CONVERSION = YES;
				CLANG_WARN_OBJC_IMPLICIT_RETAIN_SELF = YES;
				CLANG_WARN_OBJC_LITERAL_CONVERSION = YES;
				CLANG_WARN_OBJC_ROOT_CLASS = YES_ERROR;
				CLANG_WARN_RANGE_LOOP_ANALYSIS = YES;
				CLANG_WARN_STRICT_PROTOTYPES = YES;
				CLANG_WARN_SUSPICIOUS_MOVE = YES;
				CLANG_WARN_UNGUARDED_AVAILABILITY = YES_AGGRESSIVE;
				CLANG_WARN_UNREACHABLE_CODE = YES;
				CLANG_WARN__DUPLICATE_METHOD_MATCH = YES;
				COPY_PHASE_STRIP = NO;
				DEBUG_INFORMATION_FORMAT = dwarf;
				ENABLE_STRICT_OBJC_MSGSEND = YES;
				ENABLE_TESTABILITY = YES;
				GCC_C_LANGUAGE_STANDARD = gnu11;
				GCC_DYNAMIC_NO_PIC = NO;
				GCC_NO_COMMON_BLOCKS = YES;
				GCC_OPTIMIZATION_LEVEL = 0;
				GCC_PREPROCESSOR_DEFINITIONS = (
					"DEBUG=1",
					"$(inherited)",
				);
				GCC_WARN_64_TO_32_BIT_CONVERSION = YES;
				GCC_WARN_ABOUT_RETURN_TYPE = YES_ERROR;
				GCC_WARN_UNDECLARED_SELECTOR = YES;
				GCC_WARN_UNINITIALIZED_AUTOS = YES_AGGRESSIVE;
				GCC_WARN_UNUSED_FUNCTION = YES;
				GCC_WARN_UNUSED_VARIABLE = YES;
				IPHONEOS_DEPLOYMENT_TARGET = 13.5;
				MTL_ENABLE_DEBUG_INFO = INCLUDE_SOURCE;
				MTL_FAST_MATH = YES;
				ONLY_ACTIVE_ARCH = YES;
				SDKROOT = iphoneos;
				SWIFT_ACTIVE_COMPILATION_CONDITIONS = DEBUG;
				SWIFT_OPTIMIZATION_LEVEL = "-Onone";
			};
			name = Debug;
		};
		2E88438724A4106600F2A843 /* Release */ = {
			isa = XCBuildConfiguration;
			buildSettings = {
				ALWAYS_SEARCH_USER_PATHS = NO;
				CLANG_ANALYZER_NONNULL = YES;
				CLANG_ANALYZER_NUMBER_OBJECT_CONVERSION = YES_AGGRESSIVE;
				CLANG_CXX_LANGUAGE_STANDARD = "gnu++14";
				CLANG_CXX_LIBRARY = "libc++";
				CLANG_ENABLE_MODULES = YES;
				CLANG_ENABLE_OBJC_ARC = YES;
				CLANG_ENABLE_OBJC_WEAK = YES;
				CLANG_WARN_BLOCK_CAPTURE_AUTORELEASING = YES;
				CLANG_WARN_BOOL_CONVERSION = YES;
				CLANG_WARN_COMMA = YES;
				CLANG_WARN_CONSTANT_CONVERSION = YES;
				CLANG_WARN_DEPRECATED_OBJC_IMPLEMENTATIONS = YES;
				CLANG_WARN_DIRECT_OBJC_ISA_USAGE = YES_ERROR;
				CLANG_WARN_DOCUMENTATION_COMMENTS = YES;
				CLANG_WARN_EMPTY_BODY = YES;
				CLANG_WARN_ENUM_CONVERSION = YES;
				CLANG_WARN_INFINITE_RECURSION = YES;
				CLANG_WARN_INT_CONVERSION = YES;
				CLANG_WARN_NON_LITERAL_NULL_CONVERSION = YES;
				CLANG_WARN_OBJC_IMPLICIT_RETAIN_SELF = YES;
				CLANG_WARN_OBJC_LITERAL_CONVERSION = YES;
				CLANG_WARN_OBJC_ROOT_CLASS = YES_ERROR;
				CLANG_WARN_RANGE_LOOP_ANALYSIS = YES;
				CLANG_WARN_STRICT_PROTOTYPES = YES;
				CLANG_WARN_SUSPICIOUS_MOVE = YES;
				CLANG_WARN_UNGUARDED_AVAILABILITY = YES_AGGRESSIVE;
				CLANG_WARN_UNREACHABLE_CODE = YES;
				CLANG_WARN__DUPLICATE_METHOD_MATCH = YES;
				COPY_PHASE_STRIP = NO;
				DEBUG_INFORMATION_FORMAT = "dwarf-with-dsym";
				ENABLE_NS_ASSERTIONS = NO;
				ENABLE_STRICT_OBJC_MSGSEND = YES;
				GCC_C_LANGUAGE_STANDARD = gnu11;
				GCC_NO_COMMON_BLOCKS = YES;
				GCC_WARN_64_TO_32_BIT_CONVERSION = YES;
				GCC_WARN_ABOUT_RETURN_TYPE = YES_ERROR;
				GCC_WARN_UNDECLARED_SELECTOR = YES;
				GCC_WARN_UNINITIALIZED_AUTOS = YES_AGGRESSIVE;
				GCC_WARN_UNUSED_FUNCTION = YES;
				GCC_WARN_UNUSED_VARIABLE = YES;
				IPHONEOS_DEPLOYMENT_TARGET = 13.5;
				MTL_ENABLE_DEBUG_INFO = NO;
				MTL_FAST_MATH = YES;
				SDKROOT = iphoneos;
				SWIFT_COMPILATION_MODE = wholemodule;
				SWIFT_OPTIMIZATION_LEVEL = "-O";
				VALIDATE_PRODUCT = YES;
			};
			name = Release;
		};
		2E88438924A4106600F2A843 /* Debug */ = {
			isa = XCBuildConfiguration;
			buildSettings = {
				ASSETCATALOG_COMPILER_APPICON_NAME = AppIcon;
				CODE_SIGN_STYLE = Automatic;
				INFOPLIST_FILE = todo_Jyothi_C0775696/Info.plist;
				LD_RUNPATH_SEARCH_PATHS = (
					"$(inherited)",
					"@executable_path/Frameworks",
				);
				PRODUCT_BUNDLE_IDENTIFIER = "lambton.todo-Jyothi-C0775696";
				PRODUCT_NAME = "$(TARGET_NAME)";
				SWIFT_VERSION = 5.0;
				TARGETED_DEVICE_FAMILY = "1,2";
			};
			name = Debug;
		};
		2E88438A24A4106600F2A843 /* Release */ = {
			isa = XCBuildConfiguration;
			buildSettings = {
				ASSETCATALOG_COMPILER_APPICON_NAME = AppIcon;
				CODE_SIGN_STYLE = Automatic;
				INFOPLIST_FILE = todo_Jyothi_C0775696/Info.plist;
				LD_RUNPATH_SEARCH_PATHS = (
					"$(inherited)",
					"@executable_path/Frameworks",
				);
				PRODUCT_BUNDLE_IDENTIFIER = "lambton.todo-Jyothi-C0775696";
				PRODUCT_NAME = "$(TARGET_NAME)";
				SWIFT_VERSION = 5.0;
				TARGETED_DEVICE_FAMILY = "1,2";
			};
			name = Release;
		};
/* End XCBuildConfiguration section */

/* Begin XCConfigurationList section */
		2E88436C24A4106500F2A843 /* Build configuration list for PBXProject "todo_Jyothi_C0775696" */ = {
			isa = XCConfigurationList;
			buildConfigurations = (
				2E88438624A4106600F2A843 /* Debug */,
				2E88438724A4106600F2A843 /* Release */,
			);
			defaultConfigurationIsVisible = 0;
			defaultConfigurationName = Release;
		};
		2E88438824A4106600F2A843 /* Build configuration list for PBXNativeTarget "todo_Jyothi_C0775696" */ = {
			isa = XCConfigurationList;
			buildConfigurations = (
				2E88438924A4106600F2A843 /* Debug */,
				2E88438A24A4106600F2A843 /* Release */,
			);
			defaultConfigurationIsVisible = 0;
			defaultConfigurationName = Release;
		};
/* End XCConfigurationList section */

/* Begin XCVersionGroup section */
		2E88437D24A4106500F2A843 /* todo_Jyothi_C0775696.xcdatamodeld */ = {
			isa = XCVersionGroup;
			children = (
				2E88437E24A4106500F2A843 /* todo_Jyothi_C0775696.xcdatamodel */,
			);
			currentVersion = 2E88437E24A4106500F2A843 /* todo_Jyothi_C0775696.xcdatamodel */;
			path = todo_Jyothi_C0775696.xcdatamodeld;
			sourceTree = "<group>";
			versionGroupType = wrapper.xcdatamodel;
		};
/* End XCVersionGroup section */
	};
	rootObject = 2E88436924A4106500F2A843 /* Project object */;
}
